{"version":4,"terraform_version":"1.9.0","serial":11,"lineage":"d47f76d3-668f-f34e-bdaa-5b8b147964db","outputs":{},"resources":[{"mode":"managed","type":"libvirt_cloudinit_disk","name":"app_commoninit","provider":"provider[\"registry.opentofu.org/dmacvicar/libvirt\"]","instances":[{"index_key":0,"schema_version":0,"attributes":{"id":"/var/lib/libvirt/images/ajk-workere-1-commoninit.iso;ce5c683e-75d6-43ca-838a-8c450e8dacb4","meta_data":"","name":"ajk-workere-1-commoninit.iso","network_config":"ethernets:\n  ens3:\n    addresses:\n      - 192.168.122.11/24\n    dhcp4: false\n    gateway4: 192.168.122.1\n    nameservers:\n      addresses:\n        - 1.1.1.1\n        - 8.8.8.8\nversion: 2\n","pool":"default","user_data":"#cloud-config\nhostname: ajk-workere-1\nruncmd:\n  - sed -i '/PermitRootLogin/d' /etc/ssh/sshd_config\n  - echo \"PermitRootLogin yes\" \u003e\u003e /etc/ssh/sshd_config\n  - echo \"ajk-workere-1\" \u003e /etc/hostname\n  - sed -i \"s/127.0.0.1.*/127.0.0.1 ajk-workere-1 localhost/\" /etc/hosts\nssh_pwauth: true\ndisable_root: false\nchpasswd:\n  list: |\n    root:whoami\n    ray:ray\n  expire: false\nusers:\n  - name: ray\n    groups:\n      - sudo\n    sudo: [\"ALL=(ALL) NOPASSWD:ALL\"]\n    shell: /bin/bash\n    lock_passwd: false\n    ssh_authorized_keys:\n      - ssh-rsa AAAA...\n"},"sensitive_attributes":[],"private":"bnVsbA=="},{"index_key":1,"schema_version":0,"attributes":{"id":"/var/lib/libvirt/images/ajk-workere-2-commoninit.iso;551bdd93-d8dd-43a3-89af-204506ab2ea2","meta_data":"","name":"ajk-workere-2-commoninit.iso","network_config":"ethernets:\n  ens3:\n    addresses:\n      - 192.168.122.12/24\n    dhcp4: false\n    gateway4: 192.168.122.1\n    nameservers:\n      addresses:\n        - 1.1.1.1\n        - 8.8.8.8\nversion: 2\n","pool":"default","user_data":"#cloud-config\nhostname: ajk-workere-2\nruncmd:\n  - sed -i '/PermitRootLogin/d' /etc/ssh/sshd_config\n  - echo \"PermitRootLogin yes\" \u003e\u003e /etc/ssh/sshd_config\n  - echo \"ajk-workere-2\" \u003e /etc/hostname\n  - sed -i \"s/127.0.0.1.*/127.0.0.1 ajk-workere-2 localhost/\" /etc/hosts\nssh_pwauth: true\ndisable_root: false\nchpasswd:\n  list: |\n    root:whoami\n    ray:ray\n  expire: false\nusers:\n  - name: ray\n    groups:\n      - sudo\n    sudo: [\"ALL=(ALL) NOPASSWD:ALL\"]\n    shell: /bin/bash\n    lock_passwd: false\n    ssh_authorized_keys:\n      - ssh-rsa AAAA...\n"},"sensitive_attributes":[],"private":"bnVsbA=="}]},{"mode":"managed","type":"libvirt_cloudinit_disk","name":"master_commoninit","provider":"provider[\"registry.opentofu.org/dmacvicar/libvirt\"]","instances":[{"index_key":0,"schema_version":0,"attributes":{"id":"/var/lib/libvirt/images/mastere-commoninit.iso;a2aa9ecf-1fb5-4307-a510-0036da9cecaf","meta_data":"","name":"mastere-commoninit.iso","network_config":"ethernets:\n  ens3:\n    addresses:\n      - 192.168.122.10/24\n    dhcp4: false\n    gateway4: 192.168.122.1\n    nameservers:\n      addresses:\n        - 1.1.1.1\n        - 8.8.8.8\nversion: 2\n","pool":"default","user_data":"#cloud-config\nhostname: mastere\nruncmd:\n  - sed -i '/PermitRootLogin/d' /etc/ssh/sshd_config\n  - echo \"PermitRootLogin yes\" \u003e\u003e /etc/ssh/sshd_config\n  - echo \"mastere\" \u003e /etc/hostname\n  - sed -i \"s/127.0.0.1.*/127.0.0.1 mastere localhost/\" /etc/hosts\nssh_pwauth: true\ndisable_root: false\nchpasswd:\n  list: |\n    root:whoami\n    ray:ray\n  expire: false\nusers:\n  - name: ray\n    groups:\n      - sudo\n    sudo: [\"ALL=(ALL) NOPASSWD:ALL\"]\n    shell: /bin/bash\n    lock_passwd: false\n    ssh_authorized_keys:\n      - ssh-rsa AAAA...\n"},"sensitive_attributes":[],"private":"bnVsbA=="}]},{"mode":"managed","type":"libvirt_volume","name":"app_ubuntu2204-qcow2","provider":"provider[\"registry.opentofu.org/dmacvicar/libvirt\"]","instances":[{"index_key":0,"schema_version":0,"attributes":{"base_volume_id":"/var/lib/libvirt/images/base.qcow2","base_volume_name":null,"base_volume_pool":null,"format":"qcow2","id":"/var/lib/libvirt/images/ubuntu2204-ajk-workere-1.qcow2","name":"ubuntu2204-ajk-workere-1.qcow2","pool":"default","size":21474836480,"source":null,"xml":[]},"sensitive_attributes":[],"private":"bnVsbA==","dependencies":["libvirt_volume.base","null_resource.cache_image"]},{"index_key":1,"schema_version":0,"attributes":{"base_volume_id":"/var/lib/libvirt/images/base.qcow2","base_volume_name":null,"base_volume_pool":null,"format":"qcow2","id":"/var/lib/libvirt/images/ubuntu2204-ajk-workere-2.qcow2","name":"ubuntu2204-ajk-workere-2.qcow2","pool":"default","size":21474836480,"source":null,"xml":[]},"sensitive_attributes":[],"private":"bnVsbA==","dependencies":["libvirt_volume.base","null_resource.cache_image"]}]},{"mode":"managed","type":"libvirt_volume","name":"base","provider":"provider[\"registry.opentofu.org/dmacvicar/libvirt\"]","instances":[{"schema_version":0,"attributes":{"base_volume_id":null,"base_volume_name":null,"base_volume_pool":null,"format":"qcow2","id":"/var/lib/libvirt/images/base.qcow2","name":"base.qcow2","pool":"default","size":2361393152,"source":"/tmp/ubuntu-22.04.qcow2","xml":[]},"sensitive_attributes":[],"private":"bnVsbA==","dependencies":["null_resource.cache_image"]}]},{"mode":"managed","type":"libvirt_volume","name":"master_ubuntu2204-qcow2","provider":"provider[\"registry.opentofu.org/dmacvicar/libvirt\"]","instances":[{"index_key":0,"schema_version":0,"attributes":{"base_volume_id":"/var/lib/libvirt/images/base.qcow2","base_volume_name":null,"base_volume_pool":null,"format":"qcow2","id":"/var/lib/libvirt/images/ubuntu2204-mastere.qcow2","name":"ubuntu2204-mastere.qcow2","pool":"default","size":21474836480,"source":null,"xml":[]},"sensitive_attributes":[],"private":"bnVsbA==","dependencies":["libvirt_volume.base","null_resource.cache_image"]}]},{"mode":"managed","type":"null_resource","name":"cache_image","provider":"provider[\"registry.opentofu.org/hashicorp/null\"]","instances":[{"schema_version":0,"attributes":{"id":"5535024392092494898","triggers":{"mage_url":"https://cloud-images.ubuntu.com/jammy/current/jammy-server-cloudimg-amd64.img"}},"sensitive_attributes":[]}]}],"check_results":null}
