{"version":4,"terraform_version":"1.9.0","serial":11,"lineage":"daaac354-a051-77ec-eaa7-6fb1628fb2c1","outputs":{},"resources":[{"mode":"managed","type":"libvirt_cloudinit_disk","name":"app_commoninit","provider":"provider[\"registry.opentofu.org/dmacvicar/libvirt\"]","instances":[{"index_key":0,"schema_version":0,"attributes":{"id":"/var/lib/libvirt/images/alpine-worker1-commoninit.iso;d9adc055-29be-455d-adf1-0d45f0f50632","meta_data":"","name":"alpine-worker1-commoninit.iso","network_config":"ethernets:\n  eth0:\n    addresses:\n      - 192.168.122.21/24\n    dhcp4: false\n    gateway4: 192.168.122.1\n    nameservers:\n      addresses:\n        - 1.1.1.1\n        - 8.8.8.8\nversion: 2","pool":"default","user_data":"#cloud-config\nhostname: alpine-worker1\nmanage_etc_hosts: true\n\nusers:\n  - name: alpine\n    sudo: ALL=(ALL) NOPASSWD:ALL\n    groups: wheel\n    home: /home/alpine\n    shell: /bin/ash\n    lock_passwd: false\n    ssh_authorized_keys:\n      - ssh-rsa AAAAB3NzaC1yc2EAAAADAQABAAACAQDCHbYYh5tqg9exO3nqzWzCA4sawLlh7hRMdmFccxkhcRtQxi75tNGv92trAdWW1nbXLz9ZIybGg2uQPr0hgVJrnkgcNM3zEN0a83RcfAw0klci31OEU/gRpqqRmZMyRRtPrhavk78FHMwxpHBGpyxrVCSeXwKln+EtcLtjrWBQUatFR7+c19OXffmizjoI1Qyw8FOZETy8Hwu+K6EH3hQ3kPcA+AFHA3lxd9BRw/XuNG9MHXWL+0cmqeddGKG0OWdTvcU0/ZSoIR9FO3yei+Rbtyos5QkOmiSVv6hwipIkx0ji4CeUJ9XRjkNsIP9FHpwuqkLUMqg4K4TjG4X4FxT3xh/jRQsc3BYPCVhzbfws+C7iAYxOvlQm1ikZBsvRQkwbc4+NayxfKqn7c8HV6zFc8FRJf8c6h/odCEYs2J7OdZKdOuDVwZUqvqBvDnxPAe8YMVt8iG5jwqa2XFz+GNkJLdyvGIk8IOq7hRrhBu6rtDkV7SHOoKfXeD5g1im91LwZzRQfqfmD2swF8MoLVOI3YRPAYYqB3MqeMpdwTzW1yOLLMkfyJOA8iw5vhXXQt1Ed6in3Dtvc4p8rfRiUASZD/PWHFdlqS/ybGSlh+1C5BjJb601sKozZmAR5f8KS6y34NoYoMjg5Ug0LHGX3cetN4QeetHLvvrWcV8ZpmQWw== pepuhodaniel93@gmail.com\n\nruncmd:\n  - sed -i '/PermitRootLogin/d' /etc/ssh/sshd_config\n  - echo \"PermitRootLogin yes\" \u003e\u003e /etc/ssh/sshd_config\n  - rc-service sshd restart\n  - apk update\n  - apk add qemu-guest-agent\n  - rc-update add qemu-guest-agent\n  - rc-service qemu-guest-agent start\nssh_pwauth: true\ndisable_root: false\nchpasswd:\n  list: |\n    root:whoami\n  expire: false"},"sensitive_attributes":[],"private":"bnVsbA=="},{"index_key":1,"schema_version":0,"attributes":{"id":"/var/lib/libvirt/images/alpine-worker2-commoninit.iso;5da58d4b-070c-482c-b236-1ce91f0e985a","meta_data":"","name":"alpine-worker2-commoninit.iso","network_config":"ethernets:\n  eth0:\n    addresses:\n      - 192.168.122.22/24\n    dhcp4: false\n    gateway4: 192.168.122.1\n    nameservers:\n      addresses:\n        - 1.1.1.1\n        - 8.8.8.8\nversion: 2","pool":"default","user_data":"#cloud-config\nhostname: alpine-worker2\nmanage_etc_hosts: true\n\nusers:\n  - name: alpine\n    sudo: ALL=(ALL) NOPASSWD:ALL\n    groups: wheel\n    home: /home/alpine\n    shell: /bin/ash\n    lock_passwd: false\n    ssh_authorized_keys:\n      - ssh-rsa AAAAB3NzaC1yc2EAAAADAQABAAACAQDCHbYYh5tqg9exO3nqzWzCA4sawLlh7hRMdmFccxkhcRtQxi75tNGv92trAdWW1nbXLz9ZIybGg2uQPr0hgVJrnkgcNM3zEN0a83RcfAw0klci31OEU/gRpqqRmZMyRRtPrhavk78FHMwxpHBGpyxrVCSeXwKln+EtcLtjrWBQUatFR7+c19OXffmizjoI1Qyw8FOZETy8Hwu+K6EH3hQ3kPcA+AFHA3lxd9BRw/XuNG9MHXWL+0cmqeddGKG0OWdTvcU0/ZSoIR9FO3yei+Rbtyos5QkOmiSVv6hwipIkx0ji4CeUJ9XRjkNsIP9FHpwuqkLUMqg4K4TjG4X4FxT3xh/jRQsc3BYPCVhzbfws+C7iAYxOvlQm1ikZBsvRQkwbc4+NayxfKqn7c8HV6zFc8FRJf8c6h/odCEYs2J7OdZKdOuDVwZUqvqBvDnxPAe8YMVt8iG5jwqa2XFz+GNkJLdyvGIk8IOq7hRrhBu6rtDkV7SHOoKfXeD5g1im91LwZzRQfqfmD2swF8MoLVOI3YRPAYYqB3MqeMpdwTzW1yOLLMkfyJOA8iw5vhXXQt1Ed6in3Dtvc4p8rfRiUASZD/PWHFdlqS/ybGSlh+1C5BjJb601sKozZmAR5f8KS6y34NoYoMjg5Ug0LHGX3cetN4QeetHLvvrWcV8ZpmQWw== pepuhodaniel93@gmail.com\n\nruncmd:\n  - sed -i '/PermitRootLogin/d' /etc/ssh/sshd_config\n  - echo \"PermitRootLogin yes\" \u003e\u003e /etc/ssh/sshd_config\n  - rc-service sshd restart\n  - apk update\n  - apk add qemu-guest-agent\n  - rc-update add qemu-guest-agent\n  - rc-service qemu-guest-agent start\nssh_pwauth: true\ndisable_root: false\nchpasswd:\n  list: |\n    root:whoami\n  expire: false"},"sensitive_attributes":[],"private":"bnVsbA=="}]},{"mode":"managed","type":"libvirt_cloudinit_disk","name":"master_commoninit","provider":"provider[\"registry.opentofu.org/dmacvicar/libvirt\"]","instances":[{"index_key":0,"schema_version":0,"attributes":{"id":"/var/lib/libvirt/images/alpine-master-commoninit.iso;1ce8dd05-b77a-4ded-b24a-335c55d9a362","meta_data":"","name":"alpine-master-commoninit.iso","network_config":"ethernets:\n  eth0:\n    addresses:\n      - 192.168.122.20/24\n    dhcp4: false\n    gateway4: 192.168.122.1\n    nameservers:\n      addresses:\n        - 1.1.1.1\n        - 8.8.8.8\nversion: 2","pool":"default","user_data":"#cloud-config\nhostname: alpine-master\nmanage_etc_hosts: true\n\nusers:\n  - name: alpine\n    sudo: ALL=(ALL) NOPASSWD:ALL\n    groups: wheel\n    home: /home/alpine\n    shell: /bin/ash\n    lock_passwd: false\n    ssh_authorized_keys:\n      - ssh-rsa AAAAB3NzaC1yc2EAAAADAQABAAACAQDCHbYYh5tqg9exO3nqzWzCA4sawLlh7hRMdmFccxkhcRtQxi75tNGv92trAdWW1nbXLz9ZIybGg2uQPr0hgVJrnkgcNM3zEN0a83RcfAw0klci31OEU/gRpqqRmZMyRRtPrhavk78FHMwxpHBGpyxrVCSeXwKln+EtcLtjrWBQUatFR7+c19OXffmizjoI1Qyw8FOZETy8Hwu+K6EH3hQ3kPcA+AFHA3lxd9BRw/XuNG9MHXWL+0cmqeddGKG0OWdTvcU0/ZSoIR9FO3yei+Rbtyos5QkOmiSVv6hwipIkx0ji4CeUJ9XRjkNsIP9FHpwuqkLUMqg4K4TjG4X4FxT3xh/jRQsc3BYPCVhzbfws+C7iAYxOvlQm1ikZBsvRQkwbc4+NayxfKqn7c8HV6zFc8FRJf8c6h/odCEYs2J7OdZKdOuDVwZUqvqBvDnxPAe8YMVt8iG5jwqa2XFz+GNkJLdyvGIk8IOq7hRrhBu6rtDkV7SHOoKfXeD5g1im91LwZzRQfqfmD2swF8MoLVOI3YRPAYYqB3MqeMpdwTzW1yOLLMkfyJOA8iw5vhXXQt1Ed6in3Dtvc4p8rfRiUASZD/PWHFdlqS/ybGSlh+1C5BjJb601sKozZmAR5f8KS6y34NoYoMjg5Ug0LHGX3cetN4QeetHLvvrWcV8ZpmQWw== pepuhodaniel93@gmail.com\n\nruncmd:\n  - sed -i '/PermitRootLogin/d' /etc/ssh/sshd_config\n  - echo \"PermitRootLogin yes\" \u003e\u003e /etc/ssh/sshd_config\n  - rc-service sshd restart\n  - apk update\n  - apk add qemu-guest-agent\n  - rc-update add qemu-guest-agent\n  - rc-service qemu-guest-agent start\nssh_pwauth: true\ndisable_root: false\nchpasswd:\n  list: |\n    root:whoami\n  expire: false"},"sensitive_attributes":[],"private":"bnVsbA=="}]},{"mode":"managed","type":"libvirt_domain","name":"application_server","provider":"provider[\"registry.opentofu.org/dmacvicar/libvirt\"]","instances":[{"index_key":0,"schema_version":0,"attributes":{"arch":"x86_64","autostart":false,"boot_device":[],"cloudinit":"/var/lib/libvirt/images/alpine-worker1-commoninit.iso;d9adc055-29be-455d-adf1-0d45f0f50632","cmdline":[],"console":[{"source_host":"127.0.0.1","source_path":"","source_service":"0","target_port":"0","target_type":"serial","type":"pty"}],"coreos_ignition":null,"cpu":[{"mode":"custom"}],"description":"","disk":[{"block_device":"","file":"","scsi":false,"url":"","volume_id":"/var/lib/libvirt/images/alpine_320-alpine-worker1.qcow2","wwn":""}],"emulator":"/usr/bin/qemu-system-x86_64","filesystem":[],"firmware":null,"fw_cfg_name":"opt/com.coreos/config","graphics":[{"autoport":true,"listen_address":"127.0.0.1","listen_type":"address","type":"spice","websocket":0}],"id":"897c412f-ca79-46cc-a79a-626573fd22ca","initrd":"","kernel":"","machine":"pc","memory":2048,"metadata":null,"name":"alpine-worker1","network_interface":[{"addresses":["192.168.122.21"],"bridge":"","hostname":"alpine-worker1","mac":"52:54:00:C2:62:B4","macvtap":"","network_id":"87a5983b-1b95-4e97-9750-b38942a6047c","network_name":"default","passthrough":"","vepa":"","wait_for_lease":false}],"nvram":[],"qemu_agent":false,"running":true,"timeouts":null,"tpm":[],"type":"kvm","vcpu":2,"video":[],"xml":[]},"sensitive_attributes":[],"private":"eyJlMmJmYjczMC1lY2FhLTExZTYtOGY4OC0zNDM2M2JjN2M0YzAiOnsiY3JlYXRlIjozMDAwMDAwMDAwMDB9fQ==","dependencies":["libvirt_cloudinit_disk.app_commoninit","libvirt_volume.app_alpine_320-qcow2","libvirt_volume.base","null_resource.cache_image"]},{"index_key":1,"schema_version":0,"attributes":{"arch":"x86_64","autostart":false,"boot_device":[],"cloudinit":"/var/lib/libvirt/images/alpine-worker2-commoninit.iso;5da58d4b-070c-482c-b236-1ce91f0e985a","cmdline":[],"console":[{"source_host":"127.0.0.1","source_path":"","source_service":"0","target_port":"0","target_type":"serial","type":"pty"}],"coreos_ignition":null,"cpu":[{"mode":"custom"}],"description":"","disk":[{"block_device":"","file":"","scsi":false,"url":"","volume_id":"/var/lib/libvirt/images/alpine_320-alpine-worker2.qcow2","wwn":""}],"emulator":"/usr/bin/qemu-system-x86_64","filesystem":[],"firmware":null,"fw_cfg_name":"opt/com.coreos/config","graphics":[{"autoport":true,"listen_address":"127.0.0.1","listen_type":"address","type":"spice","websocket":0}],"id":"d7e48e0f-cc3e-4173-9368-848f8cffdc81","initrd":"","kernel":"","machine":"pc","memory":2048,"metadata":null,"name":"alpine-worker2","network_interface":[{"addresses":["192.168.122.22"],"bridge":"","hostname":"alpine-worker2","mac":"52:54:00:0E:B5:96","macvtap":"","network_id":"87a5983b-1b95-4e97-9750-b38942a6047c","network_name":"default","passthrough":"","vepa":"","wait_for_lease":false}],"nvram":[],"qemu_agent":false,"running":true,"timeouts":null,"tpm":[],"type":"kvm","vcpu":2,"video":[],"xml":[]},"sensitive_attributes":[],"private":"eyJlMmJmYjczMC1lY2FhLTExZTYtOGY4OC0zNDM2M2JjN2M0YzAiOnsiY3JlYXRlIjozMDAwMDAwMDAwMDB9fQ==","dependencies":["libvirt_cloudinit_disk.app_commoninit","libvirt_volume.app_alpine_320-qcow2","libvirt_volume.base","null_resource.cache_image"]}]},{"mode":"managed","type":"libvirt_domain","name":"master","provider":"provider[\"registry.opentofu.org/dmacvicar/libvirt\"]","instances":[{"index_key":0,"schema_version":0,"attributes":{"arch":"x86_64","autostart":false,"boot_device":[],"cloudinit":"/var/lib/libvirt/images/alpine-master-commoninit.iso;1ce8dd05-b77a-4ded-b24a-335c55d9a362","cmdline":[],"console":[{"source_host":"127.0.0.1","source_path":"","source_service":"0","target_port":"0","target_type":"serial","type":"pty"}],"coreos_ignition":null,"cpu":[{"mode":"custom"}],"description":"","disk":[{"block_device":"","file":"","scsi":false,"url":"","volume_id":"/var/lib/libvirt/images/alpine_320-alpine-master.qcow2","wwn":""}],"emulator":"/usr/bin/qemu-system-x86_64","filesystem":[],"firmware":null,"fw_cfg_name":"opt/com.coreos/config","graphics":[{"autoport":true,"listen_address":"127.0.0.1","listen_type":"address","type":"spice","websocket":0}],"id":"a6a47f14-d2a4-4bcb-92ea-cc30ce844127","initrd":"","kernel":"","machine":"pc","memory":4096,"metadata":null,"name":"alpine-master","network_interface":[{"addresses":["192.168.122.20"],"bridge":"","hostname":"alpine-master","mac":"52:54:00:FA:61:51","macvtap":"","network_id":"87a5983b-1b95-4e97-9750-b38942a6047c","network_name":"default","passthrough":"","vepa":"","wait_for_lease":false}],"nvram":[],"qemu_agent":false,"running":true,"timeouts":null,"tpm":[],"type":"kvm","vcpu":4,"video":[],"xml":[]},"sensitive_attributes":[],"private":"eyJlMmJmYjczMC1lY2FhLTExZTYtOGY4OC0zNDM2M2JjN2M0YzAiOnsiY3JlYXRlIjozMDAwMDAwMDAwMDB9fQ==","dependencies":["libvirt_cloudinit_disk.master_commoninit","libvirt_volume.base","libvirt_volume.master_alpine_320-qcow2","null_resource.cache_image"]}]},{"mode":"managed","type":"libvirt_volume","name":"app_alpine_320-qcow2","provider":"provider[\"registry.opentofu.org/dmacvicar/libvirt\"]","instances":[{"index_key":0,"schema_version":0,"attributes":{"base_volume_id":"/var/lib/libvirt/images/base.qcow2","base_volume_name":null,"base_volume_pool":null,"format":"qcow2","id":"/var/lib/libvirt/images/alpine_320-alpine-worker1.qcow2","name":"alpine_320-alpine-worker1.qcow2","pool":"default","size":21474836480,"source":null,"xml":[]},"sensitive_attributes":[],"private":"bnVsbA==","dependencies":["libvirt_volume.base","null_resource.cache_image"]},{"index_key":1,"schema_version":0,"attributes":{"base_volume_id":"/var/lib/libvirt/images/base.qcow2","base_volume_name":null,"base_volume_pool":null,"format":"qcow2","id":"/var/lib/libvirt/images/alpine_320-alpine-worker2.qcow2","name":"alpine_320-alpine-worker2.qcow2","pool":"default","size":21474836480,"source":null,"xml":[]},"sensitive_attributes":[],"private":"bnVsbA==","dependencies":["libvirt_volume.base","null_resource.cache_image"]}]},{"mode":"managed","type":"libvirt_volume","name":"base","provider":"provider[\"registry.opentofu.org/dmacvicar/libvirt\"]","instances":[{"schema_version":0,"attributes":{"base_volume_id":null,"base_volume_name":null,"base_volume_pool":null,"format":"qcow2","id":"/var/lib/libvirt/images/base.qcow2","name":"base.qcow2","pool":"default","size":209715200,"source":"/tmp/alpine_320.qcow2","xml":[]},"sensitive_attributes":[],"private":"bnVsbA==","dependencies":["null_resource.cache_image"]}]},{"mode":"managed","type":"libvirt_volume","name":"master_alpine_320-qcow2","provider":"provider[\"registry.opentofu.org/dmacvicar/libvirt\"]","instances":[{"index_key":0,"schema_version":0,"attributes":{"base_volume_id":"/var/lib/libvirt/images/base.qcow2","base_volume_name":null,"base_volume_pool":null,"format":"qcow2","id":"/var/lib/libvirt/images/alpine_320-alpine-master.qcow2","name":"alpine_320-alpine-master.qcow2","pool":"default","size":21474836480,"source":null,"xml":[]},"sensitive_attributes":[],"private":"bnVsbA==","dependencies":["libvirt_volume.base","null_resource.cache_image"]}]},{"mode":"managed","type":"null_resource","name":"cache_image","provider":"provider[\"registry.opentofu.org/hashicorp/null\"]","instances":[{"schema_version":0,"attributes":{"id":"853223563712671339","triggers":{"always_run":"2025-04-11T06:32:57Z"}},"sensitive_attributes":[]}]}],"check_results":null}
